
Microsoft Visual Studio Solution File, Format Version 12.00
# Visual Studio 15
VisualStudioVersion = 15.0.28010.2036
MinimumVisualStudioVersion = 10.0.40219.1
Project("{FAE04EC0-301F-11D3-BF4B-00C04F79EFBC}") = "Projeto De Viagens", "Projeto De Viagens\Projeto De Viagens.csproj", "{EDCECB69-4F78-4DC8-88B3-BC920DF41744}"
EndProject
Global
	GlobalSection(SolutionConfigurationPlatforms) = preSolution
		Debug|Any CPU = Debug|Any CPU
		Release|Any CPU = Release|Any CPU
	EndGlobalSection
	GlobalSection(ProjectConfigurationPlatforms) = postSolution
		{EDCECB69-4F78-4DC8-88B3-BC920DF41744}.Debug|Any CPU.ActiveCfg = Debug|Any CPU
		{EDCECB69-4F78-4DC8-88B3-BC920DF41744}.Debug|Any CPU.Build.0 = Debug|Any CPU
		{EDCECB69-4F78-4DC8-88B3-BC920DF41744}.Release|Any CPU.ActiveCfg = Release|Any CPU
		{EDCECB69-4F78-4DC8-88B3-BC920DF41744}.Release|Any CPU.Build.0 = Release|Any CPU
	EndGlobalSection
	GlobalSection(SolutionProperties) = preSolution
		HideSolutionNode = FALSE
	EndGlobalSection
	GlobalSection(ExtensibilityGlobals) = postSolution
		SolutionGuid = {721AFB9A-A08A-4BCD-895F-C0CA918F589C}
	EndGlobalSection
EndGlobal
